
Microsoft Visual Studio Solution File, Format Version 12.00
# Visual Studio Version 16
VisualStudioVersion = 16.0.30523.141
MinimumVisualStudioVersion = 10.0.40219.1
Project("{FAE04EC0-301F-11D3-BF4B-00C04F79EFBC}") = "WpfDrawingApp", "WpfDrawingApp.csproj", "{74B11DA0-1E05-4B01-989A-7FC88FB9279B}"
EndProject
Global
	GlobalSection(SolutionConfigurationPlatforms) = preSolution
		Debug|Any CPU = Debug|Any CPU
		Release|Any CPU = Release|Any CPU
	EndGlobalSection
	GlobalSection(ProjectConfigurationPlatforms) = postSolution
		{74B11DA0-1E05-4B01-989A-7FC88FB9279B}.Debug|Any CPU.ActiveCfg = Debug|Any CPU
		{74B11DA0-1E05-4B01-989A-7FC88FB9279B}.Debug|Any CPU.Build.0 = Debug|Any CPU
		{74B11DA0-1E05-4B01-989A-7FC88FB9279B}.Release|Any CPU.ActiveCfg = Release|Any CPU
		{74B11DA0-1E05-4B01-989A-7FC88FB9279B}.Release|Any CPU.Build.0 = Release|Any CPU
	EndGlobalSection
	GlobalSection(SolutionProperties) = preSolution
		HideSolutionNode = FALSE
	EndGlobalSection
	GlobalSection(ExtensibilityGlobals) = postSolution
		SolutionGuid = {D0E659AC-C959-4FDB-8F94-29472E7CCCF4}
	EndGlobalSection
EndGlobal
